
Microsoft Visual Studio Solution File, Format Version 12.00
# Visual Studio Version 17
VisualStudioVersion = 17.4.33205.214
MinimumVisualStudioVersion = 10.0.40219.1
Project("{FAE04EC0-301F-11D3-BF4B-00C04F79EFBC}") = "Vetor3", "Vetor3\Vetor3.csproj", "{F7416834-EAB0-4D2E-A629-20303ADF37D8}"
EndProject
Global
	GlobalSection(SolutionConfigurationPlatforms) = preSolution
		Debug|Any CPU = Debug|Any CPU
		Release|Any CPU = Release|Any CPU
	EndGlobalSection
	GlobalSection(ProjectConfigurationPlatforms) = postSolution
		{F7416834-EAB0-4D2E-A629-20303ADF37D8}.Debug|Any CPU.ActiveCfg = Debug|Any CPU
		{F7416834-EAB0-4D2E-A629-20303ADF37D8}.Debug|Any CPU.Build.0 = Debug|Any CPU
		{F7416834-EAB0-4D2E-A629-20303ADF37D8}.Release|Any CPU.ActiveCfg = Release|Any CPU
		{F7416834-EAB0-4D2E-A629-20303ADF37D8}.Release|Any CPU.Build.0 = Release|Any CPU
	EndGlobalSection
	GlobalSection(SolutionProperties) = preSolution
		HideSolutionNode = FALSE
	EndGlobalSection
	GlobalSection(ExtensibilityGlobals) = postSolution
		SolutionGuid = {7F8054C5-3680-4FF8-9DD3-CE543628247A}
	EndGlobalSection
EndGlobal
